
Microsoft Visual Studio Solution File, Format Version 12.00
# Visual Studio Version 17
VisualStudioVersion = 17.5.33516.290
MinimumVisualStudioVersion = 10.0.40219.1
Project("{FAE04EC0-301F-11D3-BF4B-00C04F79EFBC}") = "NotesAPI", "CustomerAPI\NotesAPI.csproj", "{36E1D22B-A4E7-46EC-9EB5-F455A9565269}"
EndProject
Global
	GlobalSection(SolutionConfigurationPlatforms) = preSolution
		Debug|Any CPU = Debug|Any CPU
		Release|Any CPU = Release|Any CPU
	EndGlobalSection
	GlobalSection(ProjectConfigurationPlatforms) = postSolution
		{36E1D22B-A4E7-46EC-9EB5-F455A9565269}.Debug|Any CPU.ActiveCfg = Debug|Any CPU
		{36E1D22B-A4E7-46EC-9EB5-F455A9565269}.Debug|Any CPU.Build.0 = Debug|Any CPU
		{36E1D22B-A4E7-46EC-9EB5-F455A9565269}.Release|Any CPU.ActiveCfg = Release|Any CPU
		{36E1D22B-A4E7-46EC-9EB5-F455A9565269}.Release|Any CPU.Build.0 = Release|Any CPU
	EndGlobalSection
	GlobalSection(SolutionProperties) = preSolution
		HideSolutionNode = FALSE
	EndGlobalSection
	GlobalSection(ExtensibilityGlobals) = postSolution
		SolutionGuid = {CDB2BAFF-FD58-4D72-AAE0-2358D77262CA}
	EndGlobalSection
EndGlobal
